
Microsoft Visual Studio Solution File, Format Version 12.00
Project("{FAE04EC0-301F-11D3-BF4B-00C04F79EFBC}") = "MvcHotek", "MvcHotek.csproj", "{D009F1F9-7F3B-437F-A3EF-C0746E2E9E0F}"
EndProject
Global
	GlobalSection(SolutionConfigurationPlatforms) = preSolution
		Debug|Any CPU = Debug|Any CPU
		Release|Any CPU = Release|Any CPU
	EndGlobalSection
	GlobalSection(ProjectConfigurationPlatforms) = postSolution
		{D009F1F9-7F3B-437F-A3EF-C0746E2E9E0F}.Debug|Any CPU.ActiveCfg = Debug|Any CPU
		{D009F1F9-7F3B-437F-A3EF-C0746E2E9E0F}.Debug|Any CPU.Build.0 = Debug|Any CPU
		{D009F1F9-7F3B-437F-A3EF-C0746E2E9E0F}.Release|Any CPU.ActiveCfg = Release|Any CPU
		{D009F1F9-7F3B-437F-A3EF-C0746E2E9E0F}.Release|Any CPU.Build.0 = Release|Any CPU
	EndGlobalSection
EndGlobal
